
Microsoft Visual Studio Solution File, Format Version 12.00
# Visual Studio Version 17
VisualStudioVersion = 17.14.36414.22
MinimumVisualStudioVersion = 10.0.40219.1
Project("{2150E333-8FDC-42A3-9474-1A3956D46DE8}") = "Task0", "Task0", "{02EA681E-C7D8-13C7-8484-4AC65E1B71E8}"
EndProject
Project("{FAE04EC0-301F-11D3-BF4B-00C04F79EFBC}") = "Tyuiu.ChetvertnyhAI.Sprint5.Task0.V5", "Tyuiu.ChetvertnyhAI.Sprint5.Task0.V5\Tyuiu.ChetvertnyhAI.Sprint5.Task0.V5.csproj", "{AFB6301C-4D47-4AD1-90D9-864709AECF95}"
EndProject
Project("{FAE04EC0-301F-11D3-BF4B-00C04F79EFBC}") = "Tyuiu.ChetvertnyhAI.Sprint5.Task0.V5.Lib", "Tyuiu.ChetvertnyhAI.Sprint5.Task0.V5.Lib\Tyuiu.ChetvertnyhAI.Sprint5.Task0.V5.Lib.csproj", "{13495C58-679D-46C4-9F5E-25DBFA548102}"
EndProject
Project("{FAE04EC0-301F-11D3-BF4B-00C04F79EFBC}") = "Tyuiu.ChetvertnyhAI.Sprint5.Task0.V5.Test", "Tyuiu.ChetvertnyhAI.Sprint5.Task0.V5.Test\Tyuiu.ChetvertnyhAI.Sprint5.Task0.V5.Test.csproj", "{BAC56798-BFFC-458D-9A5B-A9620CC3D7CA}"
EndProject
Project("{2150E333-8FDC-42A3-9474-1A3956D46DE8}") = "Task1", "Task1", "{685A6A99-9E36-4680-B75B-ADA556A5AADA}"
EndProject
Project("{FAE04EC0-301F-11D3-BF4B-00C04F79EFBC}") = "Tyuiu.ChetvertnyhAI.Sprint5.Task1.V30", "Tyuiu.ChetvertnyhAI.Sprint5.Task1.V30\Tyuiu.ChetvertnyhAI.Sprint5.Task1.V30.csproj", "{E9D72F70-4E14-4405-9038-11C598C58971}"
EndProject
Project("{FAE04EC0-301F-11D3-BF4B-00C04F79EFBC}") = "Tyuiu.ChetvertnyhAI.Sprint5.Task1.V30.Lib", "Tyuiu.ChetvertnyhAI.Sprint5.Task1.V30.Lib\Tyuiu.ChetvertnyhAI.Sprint5.Task1.V30.Lib.csproj", "{15E77E25-DE3A-4711-8595-EECEE63C9F5F}"
EndProject
Project("{FAE04EC0-301F-11D3-BF4B-00C04F79EFBC}") = "Tyuiu.ChetvertnyhAI.Sprint5.Task1.V30.Test", "Tyuiu.ChetvertnyhAI.Sprint5.Task1.V30.Test\Tyuiu.ChetvertnyhAI.Sprint5.Task1.V30.Test.csproj", "{9563A0FD-4A02-4EA7-937A-A14ADAED8839}"
EndProject
Project("{2150E333-8FDC-42A3-9474-1A3956D46DE8}") = "Task2", "Task2", "{15A7021D-4387-4117-B7C7-F7AEF3CCEE25}"
EndProject
Project("{FAE04EC0-301F-11D3-BF4B-00C04F79EFBC}") = "Tyuiu.ChetvertnyhAI.Sprint5.Task2.V12", "Tyuiu.ChetvertnyhAI.Sprint5.Task2.V12\Tyuiu.ChetvertnyhAI.Sprint5.Task2.V12.csproj", "{4EEE04A1-1EFF-4AEC-8150-433203CEE855}"
EndProject
Project("{FAE04EC0-301F-11D3-BF4B-00C04F79EFBC}") = "Tyuiu.ChetvertnyhAI.Sprint5.Task2.V12.Lib", "Tyuiu.ChetvertnyhAI.Sprint5.Task2.V12.Lib\Tyuiu.ChetvertnyhAI.Sprint5.Task2.V12.Lib.csproj", "{972165F3-8C07-41AC-8ECD-05E7019AEA9C}"
EndProject
Project("{FAE04EC0-301F-11D3-BF4B-00C04F79EFBC}") = "Tyuiu.ChetvertnyhAI.Sprint5.Task2.V12.Test", "Tyuiu.ChetvertnyhAI.Sprint5.Task2.V12.Test\Tyuiu.ChetvertnyhAI.Sprint5.Task2.V12.Test.csproj", "{A2150D76-73C1-432B-8C79-378A610D9D48}"
EndProject
Project("{2150E333-8FDC-42A3-9474-1A3956D46DE8}") = "Task3", "Task3", "{87797E26-0F3D-47CE-8E53-97122B6E34D0}"
EndProject
Project("{FAE04EC0-301F-11D3-BF4B-00C04F79EFBC}") = "Tyuiu.ChetvertnyhAI.Sprint5.Task3.V28", "Tyuiu.ChetvertnyhAI.Sprint5.Task3.V28\Tyuiu.ChetvertnyhAI.Sprint5.Task3.V28.csproj", "{DE2887A0-7348-438E-AAEF-CDE3A52C9C07}"
EndProject
Project("{FAE04EC0-301F-11D3-BF4B-00C04F79EFBC}") = "Tyuiu.ChetvertnyhAI.Sprint5.Task3.V28.Lib", "Tyuiu.ChetvertnyhAI.Sprint5.Task3.V28.Lib\Tyuiu.ChetvertnyhAI.Sprint5.Task3.V28.Lib.csproj", "{26F682C4-72CD-4483-B1D0-5926D2C44EAD}"
EndProject
Project("{FAE04EC0-301F-11D3-BF4B-00C04F79EFBC}") = "Tyuiu.ChetvertnyhAI.Sprint5.Task3.V28.Test", "Tyuiu.ChetvertnyhAI.Sprint5.Task3.V28.Test\Tyuiu.ChetvertnyhAI.Sprint5.Task3.V28.Test.csproj", "{7471F092-3F63-4887-AED2-76A1DC68F7F5}"
EndProject
Project("{2150E333-8FDC-42A3-9474-1A3956D46DE8}") = "Task4", "Task4", "{D2F12057-A8FB-45CE-9E0F-8167D3E9D177}"
EndProject
Project("{FAE04EC0-301F-11D3-BF4B-00C04F79EFBC}") = "Tyuiu.ChetvertnyhAI.Sprint5.Task4.V6", "Tyuiu.ChetvertnyhAI.Sprint5.Task4.V6\Tyuiu.ChetvertnyhAI.Sprint5.Task4.V6.csproj", "{7DB28A08-335A-4FAD-B416-5ADAE4738F84}"
EndProject
Project("{FAE04EC0-301F-11D3-BF4B-00C04F79EFBC}") = "Tyuiu.ChetvertnyhAI.Sprint5.Task4.V6.Lib", "Tyuiu.ChetvertnyhAI.Sprint5.Task4.V6.Lib\Tyuiu.ChetvertnyhAI.Sprint5.Task4.V6.Lib.csproj", "{398E8A5B-BFEE-45A2-B0D1-5DCD9563D692}"
EndProject
Project("{FAE04EC0-301F-11D3-BF4B-00C04F79EFBC}") = "Tyuiu.ChetvertnyhAI.Sprint5.Task4.V6.Test", "Tyuiu.ChetvertnyhAI.Sprint5.Task4.V6.Test\Tyuiu.ChetvertnyhAI.Sprint5.Task4.V6.Test.csproj", "{37469241-3FAA-40A4-863F-2CF617CBAE98}"
EndProject
Global
	GlobalSection(SolutionConfigurationPlatforms) = preSolution
		Debug|Any CPU = Debug|Any CPU
		Release|Any CPU = Release|Any CPU
	EndGlobalSection
	GlobalSection(ProjectConfigurationPlatforms) = postSolution
		{AFB6301C-4D47-4AD1-90D9-864709AECF95}.Debug|Any CPU.ActiveCfg = Debug|Any CPU
		{AFB6301C-4D47-4AD1-90D9-864709AECF95}.Debug|Any CPU.Build.0 = Debug|Any CPU
		{AFB6301C-4D47-4AD1-90D9-864709AECF95}.Release|Any CPU.ActiveCfg = Release|Any CPU
		{AFB6301C-4D47-4AD1-90D9-864709AECF95}.Release|Any CPU.Build.0 = Release|Any CPU
		{13495C58-679D-46C4-9F5E-25DBFA548102}.Debug|Any CPU.ActiveCfg = Debug|Any CPU
		{13495C58-679D-46C4-9F5E-25DBFA548102}.Debug|Any CPU.Build.0 = Debug|Any CPU
		{13495C58-679D-46C4-9F5E-25DBFA548102}.Release|Any CPU.ActiveCfg = Release|Any CPU
		{13495C58-679D-46C4-9F5E-25DBFA548102}.Release|Any CPU.Build.0 = Release|Any CPU
		{BAC56798-BFFC-458D-9A5B-A9620CC3D7CA}.Debug|Any CPU.ActiveCfg = Debug|Any CPU
		{BAC56798-BFFC-458D-9A5B-A9620CC3D7CA}.Debug|Any CPU.Build.0 = Debug|Any CPU
		{BAC56798-BFFC-458D-9A5B-A9620CC3D7CA}.Release|Any CPU.ActiveCfg = Release|Any CPU
		{BAC56798-BFFC-458D-9A5B-A9620CC3D7CA}.Release|Any CPU.Build.0 = Release|Any CPU
		{E9D72F70-4E14-4405-9038-11C598C58971}.Debug|Any CPU.ActiveCfg = Debug|Any CPU
		{E9D72F70-4E14-4405-9038-11C598C58971}.Debug|Any CPU.Build.0 = Debug|Any CPU
		{E9D72F70-4E14-4405-9038-11C598C58971}.Release|Any CPU.ActiveCfg = Release|Any CPU
		{E9D72F70-4E14-4405-9038-11C598C58971}.Release|Any CPU.Build.0 = Release|Any CPU
		{15E77E25-DE3A-4711-8595-EECEE63C9F5F}.Debug|Any CPU.ActiveCfg = Debug|Any CPU
		{15E77E25-DE3A-4711-8595-EECEE63C9F5F}.Debug|Any CPU.Build.0 = Debug|Any CPU
		{15E77E25-DE3A-4711-8595-EECEE63C9F5F}.Release|Any CPU.ActiveCfg = Release|Any CPU
		{15E77E25-DE3A-4711-8595-EECEE63C9F5F}.Release|Any CPU.Build.0 = Release|Any CPU
		{9563A0FD-4A02-4EA7-937A-A14ADAED8839}.Debug|Any CPU.ActiveCfg = Debug|Any CPU
		{9563A0FD-4A02-4EA7-937A-A14ADAED8839}.Debug|Any CPU.Build.0 = Debug|Any CPU
		{9563A0FD-4A02-4EA7-937A-A14ADAED8839}.Release|Any CPU.ActiveCfg = Release|Any CPU
		{9563A0FD-4A02-4EA7-937A-A14ADAED8839}.Release|Any CPU.Build.0 = Release|Any CPU
		{4EEE04A1-1EFF-4AEC-8150-433203CEE855}.Debug|Any CPU.ActiveCfg = Debug|Any CPU
		{4EEE04A1-1EFF-4AEC-8150-433203CEE855}.Debug|Any CPU.Build.0 = Debug|Any CPU
		{4EEE04A1-1EFF-4AEC-8150-433203CEE855}.Release|Any CPU.ActiveCfg = Release|Any CPU
		{4EEE04A1-1EFF-4AEC-8150-433203CEE855}.Release|Any CPU.Build.0 = Release|Any CPU
		{972165F3-8C07-41AC-8ECD-05E7019AEA9C}.Debug|Any CPU.ActiveCfg = Debug|Any CPU
		{972165F3-8C07-41AC-8ECD-05E7019AEA9C}.Debug|Any CPU.Build.0 = Debug|Any CPU
		{972165F3-8C07-41AC-8ECD-05E7019AEA9C}.Release|Any CPU.ActiveCfg = Release|Any CPU
		{972165F3-8C07-41AC-8ECD-05E7019AEA9C}.Release|Any CPU.Build.0 = Release|Any CPU
		{A2150D76-73C1-432B-8C79-378A610D9D48}.Debug|Any CPU.ActiveCfg = Debug|Any CPU
		{A2150D76-73C1-432B-8C79-378A610D9D48}.Debug|Any CPU.Build.0 = Debug|Any CPU
		{A2150D76-73C1-432B-8C79-378A610D9D48}.Release|Any CPU.ActiveCfg = Release|Any CPU
		{A2150D76-73C1-432B-8C79-378A610D9D48}.Release|Any CPU.Build.0 = Release|Any CPU
		{DE2887A0-7348-438E-AAEF-CDE3A52C9C07}.Debug|Any CPU.ActiveCfg = Debug|Any CPU
		{DE2887A0-7348-438E-AAEF-CDE3A52C9C07}.Debug|Any CPU.Build.0 = Debug|Any CPU
		{DE2887A0-7348-438E-AAEF-CDE3A52C9C07}.Release|Any CPU.ActiveCfg = Release|Any CPU
		{DE2887A0-7348-438E-AAEF-CDE3A52C9C07}.Release|Any CPU.Build.0 = Release|Any CPU
		{26F682C4-72CD-4483-B1D0-5926D2C44EAD}.Debug|Any CPU.ActiveCfg = Debug|Any CPU
		{26F682C4-72CD-4483-B1D0-5926D2C44EAD}.Debug|Any CPU.Build.0 = Debug|Any CPU
		{26F682C4-72CD-4483-B1D0-5926D2C44EAD}.Release|Any CPU.ActiveCfg = Release|Any CPU
		{26F682C4-72CD-4483-B1D0-5926D2C44EAD}.Release|Any CPU.Build.0 = Release|Any CPU
		{7471F092-3F63-4887-AED2-76A1DC68F7F5}.Debug|Any CPU.ActiveCfg = Debug|Any CPU
		{7471F092-3F63-4887-AED2-76A1DC68F7F5}.Debug|Any CPU.Build.0 = Debug|Any CPU
		{7471F092-3F63-4887-AED2-76A1DC68F7F5}.Release|Any CPU.ActiveCfg = Release|Any CPU
		{7471F092-3F63-4887-AED2-76A1DC68F7F5}.Release|Any CPU.Build.0 = Release|Any CPU
		{7DB28A08-335A-4FAD-B416-5ADAE4738F84}.Debug|Any CPU.ActiveCfg = Debug|Any CPU
		{7DB28A08-335A-4FAD-B416-5ADAE4738F84}.Debug|Any CPU.Build.0 = Debug|Any CPU
		{7DB28A08-335A-4FAD-B416-5ADAE4738F84}.Release|Any CPU.ActiveCfg = Release|Any CPU
		{7DB28A08-335A-4FAD-B416-5ADAE4738F84}.Release|Any CPU.Build.0 = Release|Any CPU
		{398E8A5B-BFEE-45A2-B0D1-5DCD9563D692}.Debug|Any CPU.ActiveCfg = Debug|Any CPU
		{398E8A5B-BFEE-45A2-B0D1-5DCD9563D692}.Debug|Any CPU.Build.0 = Debug|Any CPU
		{398E8A5B-BFEE-45A2-B0D1-5DCD9563D692}.Release|Any CPU.ActiveCfg = Release|Any CPU
		{398E8A5B-BFEE-45A2-B0D1-5DCD9563D692}.Release|Any CPU.Build.0 = Release|Any CPU
		{37469241-3FAA-40A4-863F-2CF617CBAE98}.Debug|Any CPU.ActiveCfg = Debug|Any CPU
		{37469241-3FAA-40A4-863F-2CF617CBAE98}.Debug|Any CPU.Build.0 = Debug|Any CPU
		{37469241-3FAA-40A4-863F-2CF617CBAE98}.Release|Any CPU.ActiveCfg = Release|Any CPU
		{37469241-3FAA-40A4-863F-2CF617CBAE98}.Release|Any CPU.Build.0 = Release|Any CPU
	EndGlobalSection
	GlobalSection(SolutionProperties) = preSolution
		HideSolutionNode = FALSE
	EndGlobalSection
	GlobalSection(NestedProjects) = preSolution
		{AFB6301C-4D47-4AD1-90D9-864709AECF95} = {02EA681E-C7D8-13C7-8484-4AC65E1B71E8}
		{13495C58-679D-46C4-9F5E-25DBFA548102} = {02EA681E-C7D8-13C7-8484-4AC65E1B71E8}
		{BAC56798-BFFC-458D-9A5B-A9620CC3D7CA} = {02EA681E-C7D8-13C7-8484-4AC65E1B71E8}
		{E9D72F70-4E14-4405-9038-11C598C58971} = {685A6A99-9E36-4680-B75B-ADA556A5AADA}
		{15E77E25-DE3A-4711-8595-EECEE63C9F5F} = {685A6A99-9E36-4680-B75B-ADA556A5AADA}
		{9563A0FD-4A02-4EA7-937A-A14ADAED8839} = {685A6A99-9E36-4680-B75B-ADA556A5AADA}
		{4EEE04A1-1EFF-4AEC-8150-433203CEE855} = {15A7021D-4387-4117-B7C7-F7AEF3CCEE25}
		{972165F3-8C07-41AC-8ECD-05E7019AEA9C} = {15A7021D-4387-4117-B7C7-F7AEF3CCEE25}
		{A2150D76-73C1-432B-8C79-378A610D9D48} = {15A7021D-4387-4117-B7C7-F7AEF3CCEE25}
		{DE2887A0-7348-438E-AAEF-CDE3A52C9C07} = {87797E26-0F3D-47CE-8E53-97122B6E34D0}
		{26F682C4-72CD-4483-B1D0-5926D2C44EAD} = {87797E26-0F3D-47CE-8E53-97122B6E34D0}
		{7471F092-3F63-4887-AED2-76A1DC68F7F5} = {87797E26-0F3D-47CE-8E53-97122B6E34D0}
		{7DB28A08-335A-4FAD-B416-5ADAE4738F84} = {D2F12057-A8FB-45CE-9E0F-8167D3E9D177}
		{398E8A5B-BFEE-45A2-B0D1-5DCD9563D692} = {D2F12057-A8FB-45CE-9E0F-8167D3E9D177}
		{37469241-3FAA-40A4-863F-2CF617CBAE98} = {D2F12057-A8FB-45CE-9E0F-8167D3E9D177}
	EndGlobalSection
	GlobalSection(ExtensibilityGlobals) = postSolution
		SolutionGuid = {8BF294B0-C0EC-430B-9B83-BF3B37181F14}
	EndGlobalSection
EndGlobal
